
Microsoft Visual Studio Solution File, Format Version 12.00
# Visual Studio Version 17
VisualStudioVersion = 17.5.001.0
MinimumVisualStudioVersion = 10.0.40219.1
Project("{9A19103F-16F7-4668-BE54-9A1E7A4F7556}") = "Application.UnitTests", "Application.UnitTests\Application.UnitTests.csproj", "{981B28FE-0702-4D36-A54C-E86A0E905373}"
EndProject
Project("{9A19103F-16F7-4668-BE54-9A1E7A4F7556}") = "WebUI.AcceptanceTests", "WebUI.AcceptanceTests\WebUI.AcceptanceTests.csproj", "{79AD7D95-E771-4E15-8D78-6464D87196DB}"
EndProject
Project("{9A19103F-16F7-4668-BE54-9A1E7A4F7556}") = "Application.IntegrationTests", "Application.IntegrationTests\Application.IntegrationTests.csproj", "{ABE81841-596C-44D7-BDF7-C2549106AD91}"
EndProject
Project("{9A19103F-16F7-4668-BE54-9A1E7A4F7556}") = "Domain.UnitTests", "Domain.UnitTests\Domain.UnitTests.csproj", "{E274650B-79F2-48BB-B117-D4225B24B356}"
EndProject
Global
	GlobalSection(SolutionConfigurationPlatforms) = preSolution
		Debug|Any CPU = Debug|Any CPU
		Release|Any CPU = Release|Any CPU
	EndGlobalSection
	GlobalSection(ProjectConfigurationPlatforms) = postSolution
		{981B28FE-0702-4D36-A54C-E86A0E905373}.Debug|Any CPU.ActiveCfg = Debug|Any CPU
		{981B28FE-0702-4D36-A54C-E86A0E905373}.Debug|Any CPU.Build.0 = Debug|Any CPU
		{981B28FE-0702-4D36-A54C-E86A0E905373}.Release|Any CPU.ActiveCfg = Release|Any CPU
		{981B28FE-0702-4D36-A54C-E86A0E905373}.Release|Any CPU.Build.0 = Release|Any CPU
		{79AD7D95-E771-4E15-8D78-6464D87196DB}.Debug|Any CPU.ActiveCfg = Debug|Any CPU
		{79AD7D95-E771-4E15-8D78-6464D87196DB}.Debug|Any CPU.Build.0 = Debug|Any CPU
		{79AD7D95-E771-4E15-8D78-6464D87196DB}.Release|Any CPU.ActiveCfg = Release|Any CPU
		{79AD7D95-E771-4E15-8D78-6464D87196DB}.Release|Any CPU.Build.0 = Release|Any CPU
		{ABE81841-596C-44D7-BDF7-C2549106AD91}.Debug|Any CPU.ActiveCfg = Debug|Any CPU
		{ABE81841-596C-44D7-BDF7-C2549106AD91}.Debug|Any CPU.Build.0 = Debug|Any CPU
		{ABE81841-596C-44D7-BDF7-C2549106AD91}.Release|Any CPU.ActiveCfg = Release|Any CPU
		{ABE81841-596C-44D7-BDF7-C2549106AD91}.Release|Any CPU.Build.0 = Release|Any CPU
		{E274650B-79F2-48BB-B117-D4225B24B356}.Debug|Any CPU.ActiveCfg = Debug|Any CPU
		{E274650B-79F2-48BB-B117-D4225B24B356}.Debug|Any CPU.Build.0 = Debug|Any CPU
		{E274650B-79F2-48BB-B117-D4225B24B356}.Release|Any CPU.ActiveCfg = Release|Any CPU
		{E274650B-79F2-48BB-B117-D4225B24B356}.Release|Any CPU.Build.0 = Release|Any CPU
	EndGlobalSection
	GlobalSection(SolutionProperties) = preSolution
		HideSolutionNode = FALSE
	EndGlobalSection
	GlobalSection(ExtensibilityGlobals) = postSolution
		SolutionGuid = {2D4A1B99-2A8F-4106-AAA5-A424D3489E90}
	EndGlobalSection
EndGlobal
